
Microsoft Visual Studio Solution File, Format Version 12.00
# Visual Studio Version 17
VisualStudioVersion = 17.5.33530.505
MinimumVisualStudioVersion = 10.0.40219.1
Project("{FAE04EC0-301F-11D3-BF4B-00C04F79EFBC}") = "CRUD_Test", "CRUD_Test.csproj", "{6996A1FF-5F62-4B74-9FF6-E3566BCB245D}"
EndProject
Global
	GlobalSection(SolutionConfigurationPlatforms) = preSolution
		Debug|Any CPU = Debug|Any CPU
		Release|Any CPU = Release|Any CPU
	EndGlobalSection
	GlobalSection(ProjectConfigurationPlatforms) = postSolution
		{6996A1FF-5F62-4B74-9FF6-E3566BCB245D}.Debug|Any CPU.ActiveCfg = Debug|Any CPU
		{6996A1FF-5F62-4B74-9FF6-E3566BCB245D}.Debug|Any CPU.Build.0 = Debug|Any CPU
		{6996A1FF-5F62-4B74-9FF6-E3566BCB245D}.Release|Any CPU.ActiveCfg = Release|Any CPU
		{6996A1FF-5F62-4B74-9FF6-E3566BCB245D}.Release|Any CPU.Build.0 = Release|Any CPU
	EndGlobalSection
	GlobalSection(SolutionProperties) = preSolution
		HideSolutionNode = FALSE
	EndGlobalSection
	GlobalSection(ExtensibilityGlobals) = postSolution
		SolutionGuid = {B562AFC1-6CD7-4B32-8AD6-9E37730D2AA5}
	EndGlobalSection
EndGlobal
